// !$*UTF8*$!
{
	archiveVersion = 1;
	classes = {
	};
	objectVersion = 51;
	objects = {

/* Begin PBXBuildFile section */
		134866208A035F8615C99114 /* Metal.framework in Frameworks */ = {isa = PBXBuildFile; fileRef = 96A1E5B62F48B379829E8A0D /* Metal.framework */; };
		2604C99FAB5A8322EDCABB9F /* UIKit.framework in Frameworks */ = {isa = PBXBuildFile; fileRef = FE71FBCAA714DB4F42459106 /* UIKit.framework */; };
		442540D056ADB9AE61A0A590 /* Security.framework in Frameworks */ = {isa = PBXBuildFile; fileRef = 9F1B41978FA53999AA836D0F /* Security.framework */; };
		55892F1396056740E1AF9685 /* main.m in Sources */ = {isa = PBXBuildFile; fileRef = AF7DE91055EBD05ED77E57F9 /* main.m */; };
		55B7188F81C3C4183F81D3AE /* libc++.tbd in Frameworks */ = {isa = PBXBuildFile; fileRef = A39528EB2CCB182F5328223A /* libc++.tbd */; };
		57CD6306253C7A940098CD4A /* AudioToolbox.framework in Frameworks */ = {isa = PBXBuildFile; fileRef = 57CD6305253C7A940098CD4A /* AudioToolbox.framework */; };
		57CD630E253C80EC0098CD4A /* assets in Resources */ = {isa = PBXBuildFile; fileRef = 57CD630A253C7F5F0098CD4A /* assets */; };
/* End PBXBuildFile section */

/* Begin PBXContainerItemProxy section */
		26BF2C4863C966DABAB40DC8 /* PBXContainerItemProxy */ = {
			isa = PBXContainerItemProxy;
			containerPortal = 8DBF1E2B5C613DA41701F6D9 /* Project object */;
			proxyType = 1;
			remoteGlobalIDString = D08AEBE0B1A9C9A7B8C7B33F;
			remoteInfo = cargo_ios;
		};
/* End PBXContainerItemProxy section */

/* Begin PBXFileReference section */
		160DB77300A3F1806F024D47 /* bindings.h */ = {isa = PBXFileReference; lastKnownFileType = sourcecode.c.h; path = bindings.h; sourceTree = "<group>"; };
		55EAC02897847195D2F44C15 /* bevy_mobile_example.app */ = {isa = PBXFileReference; explicitFileType = wrapper.application; includeInIndex = 0; path = bevy_mobile_example.app; sourceTree = BUILT_PRODUCTS_DIR; };
		57CD6305253C7A940098CD4A /* AudioToolbox.framework */ = {isa = PBXFileReference; lastKnownFileType = wrapper.framework; name = AudioToolbox.framework; path = System/Library/Frameworks/AudioToolbox.framework; sourceTree = SDKROOT; };
		57CD630A253C7F5F0098CD4A /* assets */ = {isa = PBXFileReference; lastKnownFileType = folder; name = assets; path = ../../../assets; sourceTree = "<group>"; };
		8EE7F1E3B0303533925D7E33 /* Info.plist */ = {isa = PBXFileReference; lastKnownFileType = text.plist; path = Info.plist; sourceTree = "<group>"; };
		96A1E5B62F48B379829E8A0D /* Metal.framework */ = {isa = PBXFileReference; lastKnownFileType = wrapper.framework; name = Metal.framework; path = System/Library/Frameworks/Metal.framework; sourceTree = SDKROOT; };
		9F1B41978FA53999AA836D0F /* Security.framework */ = {isa = PBXFileReference; lastKnownFileType = wrapper.framework; name = Security.framework; path = System/Library/Frameworks/Security.framework; sourceTree = SDKROOT; };
		A39528EB2CCB182F5328223A /* libc++.tbd */ = {isa = PBXFileReference; lastKnownFileType = "sourcecode.text-based-dylib-definition"; name = "libc++.tbd"; path = "usr/lib/libc++.tbd"; sourceTree = SDKROOT; };
		AF7DE91055EBD05ED77E57F9 /* main.m */ = {isa = PBXFileReference; lastKnownFileType = sourcecode.c.objc; path = main.m; sourceTree = "<group>"; };
		FE71FBCAA714DB4F42459106 /* UIKit.framework */ = {isa = PBXFileReference; lastKnownFileType = wrapper.framework; name = UIKit.framework; path = System/Library/Frameworks/UIKit.framework; sourceTree = SDKROOT; };
/* End PBXFileReference section */

/* Begin PBXFrameworksBuildPhase section */
		D5A822CB2D6847BA8800BE4C /* Frameworks */ = {
			isa = PBXFrameworksBuildPhase;
			buildActionMask = 2147483647;
			files = (
				442540D056ADB9AE61A0A590 /* Security.framework in Frameworks */,
				134866208A035F8615C99114 /* Metal.framework in Frameworks */,
				2604C99FAB5A8322EDCABB9F /* UIKit.framework in Frameworks */,
				55B7188F81C3C4183F81D3AE /* libc++.tbd in Frameworks */,
				57CD6306253C7A940098CD4A /* AudioToolbox.framework in Frameworks */,
			);
			runOnlyForDeploymentPostprocessing = 0;
		};
/* End PBXFrameworksBuildPhase section */

/* Begin PBXGroup section */
		321F7D6A765B38E746C35105 /* Products */ = {
			isa = PBXGroup;
			children = (
				55EAC02897847195D2F44C15 /* bevy_mobile_example.app */,
			);
			name = Products;
			sourceTree = "<group>";
		};
		4F1D6F28B8A5D1927AB0ADED /* ios-src */ = {
			isa = PBXGroup;
			children = (
				57CD630A253C7F5F0098CD4A /* assets */,
				160DB77300A3F1806F024D47 /* bindings.h */,
				8EE7F1E3B0303533925D7E33 /* Info.plist */,
				AF7DE91055EBD05ED77E57F9 /* main.m */,
			);
			path = "ios-src";
			sourceTree = "<group>";
		};
		8F2E3E6040EAD2EC9F3FA530 = {
			isa = PBXGroup;
			children = (
				4F1D6F28B8A5D1927AB0ADED /* ios-src */,
				EB028409C2D0655412DA6E44 /* Frameworks */,
				321F7D6A765B38E746C35105 /* Products */,
			);
			sourceTree = "<group>";
		};
		EB028409C2D0655412DA6E44 /* Frameworks */ = {
			isa = PBXGroup;
			children = (
				57CD6305253C7A940098CD4A /* AudioToolbox.framework */,
				A39528EB2CCB182F5328223A /* libc++.tbd */,
				96A1E5B62F48B379829E8A0D /* Metal.framework */,
				9F1B41978FA53999AA836D0F /* Security.framework */,
				FE71FBCAA714DB4F42459106 /* UIKit.framework */,
			);
			name = Frameworks;
			sourceTree = "<group>";
		};
/* End PBXGroup section */

/* Begin PBXLegacyTarget section */
		D08AEBE0B1A9C9A7B8C7B33F /* cargo_ios */ = {
			isa = PBXLegacyTarget;
			buildArgumentsString = build_rust_deps.sh;
			buildConfigurationList = AA00A0CFDB11F37F2BA3FC2E /* Build configuration list for PBXLegacyTarget "cargo_ios" */;
			buildPhases = (
				FE045B3D04D57B713A565FF8 /* Sources */,
			);
			buildToolPath = /bin/sh;
			buildWorkingDirectory = .;
			dependencies = (
			);
			name = cargo_ios;
			passBuildSettingsInEnvironment = 1;
			productName = cargo_ios;
		};
/* End PBXLegacyTarget section */

/* Begin PBXNativeTarget section */
		3BDB8152E4962373181B4FE5 /* bevy_mobile_example */ = {
			isa = PBXNativeTarget;
			buildConfigurationList = E714A1AEAAE517C348B5BD27 /* Build configuration list for PBXNativeTarget "bevy_mobile_example" */;
			buildPhases = (
				9F13800790AD9DBC2BC0F116 /* Sources */,
				D5A822CB2D6847BA8800BE4C /* Frameworks */,
				57CD630D253C80E60098CD4A /* Resources */,
			);
			buildRules = (
			);
			dependencies = (
				19D4B9C22ADC6705B5132B4C /* PBXTargetDependency */,
			);
			name = bevy_mobile_example;
			productName = bevy_mobile_example;
			productReference = 55EAC02897847195D2F44C15 /* bevy_mobile_example.app */;
			productType = "com.apple.product-type.application";
		};
/* End PBXNativeTarget section */

/* Begin PBXProject section */
		8DBF1E2B5C613DA41701F6D9 /* Project object */ = {
			isa = PBXProject;
			attributes = {
				LastUpgradeCheck = 1240;
			};
			buildConfigurationList = 9D43D41707A5C30B227B83F9 /* Build configuration list for PBXProject "bevy_mobile_example" */;
			compatibilityVersion = "Xcode 10.0";
			developmentRegion = en;
			hasScannedForEncodings = 0;
			knownRegions = (
				en,
			);
			mainGroup = 8F2E3E6040EAD2EC9F3FA530;
			projectDirPath = "";
			projectRoot = "";
			targets = (
				3BDB8152E4962373181B4FE5 /* bevy_mobile_example */,
				D08AEBE0B1A9C9A7B8C7B33F /* cargo_ios */,
			);
		};
/* End PBXProject section */

/* Begin PBXResourcesBuildPhase section */
		57CD630D253C80E60098CD4A /* Resources */ = {
			isa = PBXResourcesBuildPhase;
			buildActionMask = 2147483647;
			files = (
				57CD630E253C80EC0098CD4A /* assets in Resources */,
			);
			runOnlyForDeploymentPostprocessing = 0;
		};
/* End PBXResourcesBuildPhase section */

/* Begin PBXSourcesBuildPhase section */
		9F13800790AD9DBC2BC0F116 /* Sources */ = {
			isa = PBXSourcesBuildPhase;
			buildActionMask = 2147483647;
			files = (
				55892F1396056740E1AF9685 /* main.m in Sources */,
			);
			runOnlyForDeploymentPostprocessing = 0;
		};
		FE045B3D04D57B713A565FF8 /* Sources */ = {
			isa = PBXSourcesBuildPhase;
			buildActionMask = 2147483647;
			files = (
			);
			runOnlyForDeploymentPostprocessing = 0;
		};
/* End PBXSourcesBuildPhase section */

/* Begin PBXTargetDependency section */
		19D4B9C22ADC6705B5132B4C /* PBXTargetDependency */ = {
			isa = PBXTargetDependency;
			target = D08AEBE0B1A9C9A7B8C7B33F /* cargo_ios */;
			targetProxy = 26BF2C4863C966DABAB40DC8 /* PBXContainerItemProxy */;
		};
/* End PBXTargetDependency section */

/* Begin XCBuildConfiguration section */
		4AD7BC6FDD56FF18FA6DA7D7 /* Debug */ = {
			isa = XCBuildConfiguration;
			buildSettings = {
				ALWAYS_SEARCH_USER_PATHS = NO;
				CLANG_ANALYZER_NONNULL = YES;
				CLANG_ANALYZER_NUMBER_OBJECT_CONVERSION = YES_AGGRESSIVE;
				CLANG_CXX_LANGUAGE_STANDARD = "gnu++14";
				CLANG_CXX_LIBRARY = "libc++";
				CLANG_ENABLE_MODULES = YES;
				CLANG_ENABLE_OBJC_ARC = YES;
				CLANG_WARN_BLOCK_CAPTURE_AUTORELEASING = YES;
				CLANG_WARN_BOOL_CONVERSION = YES;
				CLANG_WARN_COMMA = YES;
				CLANG_WARN_CONSTANT_CONVERSION = YES;
				CLANG_WARN_DEPRECATED_OBJC_IMPLEMENTATIONS = YES;
				CLANG_WARN_DIRECT_OBJC_ISA_USAGE = YES_ERROR;
				CLANG_WARN_DOCUMENTATION_COMMENTS = YES;
				CLANG_WARN_EMPTY_BODY = YES;
				CLANG_WARN_ENUM_CONVERSION = YES;
				CLANG_WARN_INFINITE_RECURSION = YES;
				CLANG_WARN_INT_CONVERSION = YES;
				CLANG_WARN_NON_LITERAL_NULL_CONVERSION = YES;
				CLANG_WARN_OBJC_IMPLICIT_RETAIN_SELF = YES;
				CLANG_WARN_OBJC_LITERAL_CONVERSION = YES;
				CLANG_WARN_OBJC_ROOT_CLASS = YES_ERROR;
				CLANG_WARN_QUOTED_INCLUDE_IN_FRAMEWORK_HEADER = YES;
				CLANG_WARN_RANGE_LOOP_ANALYSIS = YES;
				CLANG_WARN_STRICT_PROTOTYPES = YES;
				CLANG_WARN_SUSPICIOUS_MOVE = YES;
				CLANG_WARN_UNGUARDED_AVAILABILITY = YES_AGGRESSIVE;
				CLANG_WARN_UNREACHABLE_CODE = YES;
				CLANG_WARN__DUPLICATE_METHOD_MATCH = YES;
				CODE_SIGN_IDENTITY = "";
				COPY_PHASE_STRIP = NO;
				DEBUG_INFORMATION_FORMAT = dwarf;
				ENABLE_STRICT_OBJC_MSGSEND = YES;
				ENABLE_TESTABILITY = YES;
				GCC_C_LANGUAGE_STANDARD = gnu11;
				GCC_DYNAMIC_NO_PIC = NO;
				GCC_NO_COMMON_BLOCKS = YES;
				GCC_OPTIMIZATION_LEVEL = 0;
				GCC_PREPROCESSOR_DEFINITIONS = (
					"$(inherited)",
					"DEBUG=1",
				);
				GCC_WARN_64_TO_32_BIT_CONVERSION = YES;
				GCC_WARN_ABOUT_RETURN_TYPE = YES_ERROR;
				GCC_WARN_UNDECLARED_SELECTOR = YES;
				GCC_WARN_UNINITIALIZED_AUTOS = YES_AGGRESSIVE;
				GCC_WARN_UNUSED_FUNCTION = YES;
				GCC_WARN_UNUSED_VARIABLE = YES;
				MTL_ENABLE_DEBUG_INFO = YES;
				ONLY_ACTIVE_ARCH = YES;
				PRODUCT_NAME = "$(TARGET_NAME)";
				SDKROOT = iphoneos;
				SWIFT_ACTIVE_COMPILATION_CONDITIONS = DEBUG;
				SWIFT_OPTIMIZATION_LEVEL = "-Onone";
				SWIFT_VERSION = 5.0;
			};
			name = Debug;
		};
		5B14EC4ADC81FBF1F8CF20E9 /* Release */ = {
			isa = XCBuildConfiguration;
			buildSettings = {
				ASSETCATALOG_COMPILER_APPICON_NAME = AppIcon;
				CLANG_CXX_LANGUAGE_STANDARD = "c++11";
				CLANG_CXX_LIBRARY = "libc++";
				CODE_SIGN_IDENTITY = "";
				DEVELOPMENT_TEAM = "";
				ENABLE_BITCODE = NO;
				HEADER_SEARCH_PATHS = (
					"$(inherited)",
					"ios-src/",
				);
				INFOPLIST_FILE = "ios-src/Info.plist";
				IPHONEOS_DEPLOYMENT_TARGET = 12.0;
				LD_RUNPATH_SEARCH_PATHS = (
					"$(inherited)",
					"@executable_path/Frameworks",
				);
				"LIBRARY_SEARCH_PATHS[sdk=iphoneos*][arch=arm64]" = (
					"$(inherited)",
					"../../target/aarch64-apple-ios/release",
				);
				"LIBRARY_SEARCH_PATHS[sdk=iphonesimulator*][arch=arm64]" = (
					"$(inherited)",
					"../../target/aarch64-apple-ios-sim/release",
				);
				"LIBRARY_SEARCH_PATHS[sdk=iphonesimulator*][arch=x86_64]" = (
					"$(inherited)",
					"../../target/x86_64-apple-ios/release",
				);
				OTHER_LDFLAGS = (
					"$(inherited)",
					"-lbevy_mobile_example",
					"-lc++abi",
				);
				PRODUCT_BUNDLE_IDENTIFIER = "org.bevyengine.example";
				SDKROOT = iphoneos;
				TARGETED_DEVICE_FAMILY = "1,2";
			};
			name = Release;
		};
		79E3C28F06346EA58420A93D /* Release */ = {
			isa = XCBuildConfiguration;
			buildSettings = {
				ALWAYS_SEARCH_USER_PATHS = NO;
				CLANG_ANALYZER_NONNULL = YES;
				CLANG_ANALYZER_NUMBER_OBJECT_CONVERSION = YES_AGGRESSIVE;
				CLANG_CXX_LANGUAGE_STANDARD = "gnu++14";
				CLANG_CXX_LIBRARY = "libc++";
				CLANG_ENABLE_MODULES = YES;
				CLANG_ENABLE_OBJC_ARC = YES;
				CLANG_WARN_BLOCK_CAPTURE_AUTORELEASING = YES;
				CLANG_WARN_BOOL_CONVERSION = YES;
				CLANG_WARN_COMMA = YES;
				CLANG_WARN_CONSTANT_CONVERSION = YES;
				CLANG_WARN_DEPRECATED_OBJC_IMPLEMENTATIONS = YES;
				CLANG_WARN_DIRECT_OBJC_ISA_USAGE = YES_ERROR;
				CLANG_WARN_DOCUMENTATION_COMMENTS = YES;
				CLANG_WARN_EMPTY_BODY = YES;
				CLANG_WARN_ENUM_CONVERSION = YES;
				CLANG_WARN_INFINITE_RECURSION = YES;
				CLANG_WARN_INT_CONVERSION = YES;
				CLANG_WARN_NON_LITERAL_NULL_CONVERSION = YES;
				CLANG_WARN_OBJC_IMPLICIT_RETAIN_SELF = YES;
				CLANG_WARN_OBJC_LITERAL_CONVERSION = YES;
				CLANG_WARN_OBJC_ROOT_CLASS = YES_ERROR;
				CLANG_WARN_QUOTED_INCLUDE_IN_FRAMEWORK_HEADER = YES;
				CLANG_WARN_RANGE_LOOP_ANALYSIS = YES;
				CLANG_WARN_STRICT_PROTOTYPES = YES;
				CLANG_WARN_SUSPICIOUS_MOVE = YES;
				CLANG_WARN_UNGUARDED_AVAILABILITY = YES_AGGRESSIVE;
				CLANG_WARN_UNREACHABLE_CODE = YES;
				CLANG_WARN__DUPLICATE_METHOD_MATCH = YES;
				CODE_SIGN_IDENTITY = "";
				COPY_PHASE_STRIP = NO;
				DEBUG_INFORMATION_FORMAT = "dwarf-with-dsym";
				ENABLE_NS_ASSERTIONS = NO;
				ENABLE_STRICT_OBJC_MSGSEND = YES;
				GCC_C_LANGUAGE_STANDARD = gnu11;
				GCC_NO_COMMON_BLOCKS = YES;
				GCC_WARN_64_TO_32_BIT_CONVERSION = YES;
				GCC_WARN_ABOUT_RETURN_TYPE = YES_ERROR;
				GCC_WARN_UNDECLARED_SELECTOR = YES;
				GCC_WARN_UNINITIALIZED_AUTOS = YES_AGGRESSIVE;
				GCC_WARN_UNUSED_FUNCTION = YES;
				GCC_WARN_UNUSED_VARIABLE = YES;
				PRODUCT_NAME = "$(TARGET_NAME)";
				SDKROOT = iphoneos;
				SWIFT_COMPILATION_MODE = wholemodule;
				SWIFT_VERSION = 5.0;
				VALIDATE_PRODUCT = YES;
			};
			name = Release;
		};
		8265913A25816D964A847F1B /* Debug */ = {
			isa = XCBuildConfiguration;
			buildSettings = {
				LD_RUNPATH_SEARCH_PATHS = (
					"$(inherited)",
					"@executable_path/Frameworks",
				);
				PRODUCT_BUNDLE_IDENTIFIER = "com.rust.cargo-ios";
				SDKROOT = iphoneos;
				TARGETED_DEVICE_FAMILY = "1,2";
			};
			name = Debug;
		};
		A2D5B73DD30D562B6F366526 /* Debug */ = {
			isa = XCBuildConfiguration;
			buildSettings = {
				ASSETCATALOG_COMPILER_APPICON_NAME = AppIcon;
				CLANG_CXX_LANGUAGE_STANDARD = "c++11";
				CLANG_CXX_LIBRARY = "libc++";
				CODE_SIGN_IDENTITY = "";
				DEVELOPMENT_TEAM = "";
				ENABLE_BITCODE = NO;
				HEADER_SEARCH_PATHS = (
					"$(inherited)",
					"ios-src/",
				);
				INFOPLIST_FILE = "ios-src/Info.plist";
				IPHONEOS_DEPLOYMENT_TARGET = 12.0;
				LD_RUNPATH_SEARCH_PATHS = (
					"$(inherited)",
					"@executable_path/Frameworks",
				);
				"LIBRARY_SEARCH_PATHS[sdk=iphoneos*][arch=arm64]" = (
					"$(inherited)",
					"../../target/aarch64-apple-ios/debug",
				);
				"LIBRARY_SEARCH_PATHS[sdk=iphonesimulator*][arch=arm64]" = (
					"$(inherited)",
					"../../target/aarch64-apple-ios-sim/debug",
				);
				"LIBRARY_SEARCH_PATHS[sdk=iphonesimulator*][arch=x86_64]" = (
					"$(inherited)",
					"../../target/x86_64-apple-ios/debug",
				);
				OTHER_LDFLAGS = (
					"$(inherited)",
					"-lbevy_mobile_example",
					"-lc++abi",
				);
				PRODUCT_BUNDLE_IDENTIFIER = "org.bevyengine.example";
				SDKROOT = iphoneos;
				TARGETED_DEVICE_FAMILY = "1,2";
			};
			name = Debug;
		};
		FEA9B18D9236F9F6DC6DF799 /* Release */ = {
			isa = XCBuildConfiguration;
			buildSettings = {
				LD_RUNPATH_SEARCH_PATHS = (
					"$(inherited)",
					"@executable_path/Frameworks",
				);
				PRODUCT_BUNDLE_IDENTIFIER = "com.rust.cargo-ios";
				SDKROOT = iphoneos;
				TARGETED_DEVICE_FAMILY = "1,2";
			};
			name = Release;
		};
/* End XCBuildConfiguration section */

/* Begin XCConfigurationList section */
		9D43D41707A5C30B227B83F9 /* Build configuration list for PBXProject "bevy_mobile_example" */ = {
			isa = XCConfigurationList;
			buildConfigurations = (
				4AD7BC6FDD56FF18FA6DA7D7 /* Debug */,
				79E3C28F06346EA58420A93D /* Release */,
			);
			defaultConfigurationIsVisible = 0;
			defaultConfigurationName = Debug;
		};
		AA00A0CFDB11F37F2BA3FC2E /* Build configuration list for PBXLegacyTarget "cargo_ios" */ = {
			isa = XCConfigurationList;
			buildConfigurations = (
				8265913A25816D964A847F1B /* Debug */,
				FEA9B18D9236F9F6DC6DF799 /* Release */,
			);
			defaultConfigurationIsVisible = 0;
			defaultConfigurationName = Debug;
		};
		E714A1AEAAE517C348B5BD27 /* Build configuration list for PBXNativeTarget "bevy_mobile_example" */ = {
			isa = XCConfigurationList;
			buildConfigurations = (
				A2D5B73DD30D562B6F366526 /* Debug */,
				5B14EC4ADC81FBF1F8CF20E9 /* Release */,
			);
			defaultConfigurationIsVisible = 0;
			defaultConfigurationName = Debug;
		};
/* End XCConfigurationList section */
	};
	rootObject = 8DBF1E2B5C613DA41701F6D9 /* Project object */;
}
