{
  "name": "start-wasm-example",
  "version": "1.0.0",
  "lockfileVersion": 2,
  "requires": true,
  "packages": {
    "": {
      "name": "start-wasm-example",
      "version": "1.0.0",
      "license": "ISC",
      "dependencies": {
        "dotenv": "^16.0.1"
      },
      "devDependencies": {
        "@playwright/test": "^1.28.1"
      }
    },
    "node_modules/@playwright/test": {
      "version": "1.28.1",
      "resolved": "https://registry.npmjs.org/@playwright/test/-/test-1.28.1.tgz",
      "integrity": "sha512-xN6spdqrNlwSn9KabIhqfZR7IWjPpFK1835tFNgjrlysaSezuX8PYUwaz38V/yI8TJLG9PkAMEXoHRXYXlpTPQ==",
      "dev": true,
      "dependencies": {
        "@types/node": "*",
        "playwright-core": "1.28.1"
      },
      "bin": {
        "playwright": "cli.js"
      },
      "engines": {
        "node": ">=14"
      }
    },
    "node_modules/@types/node": {
      "version": "18.11.11",
      "resolved": "https://registry.npmjs.org/@types/node/-/node-18.11.11.tgz",
      "integrity": "sha512-KJ021B1nlQUBLopzZmPBVuGU9un7WJd/W4ya7Ih02B4Uwky5Nja0yGYav2EfYIk0RR2Q9oVhf60S2XR1BCWJ2g==",
      "dev": true
    },
    "node_modules/dotenv": {
      "version": "16.0.1",
      "resolved": "https://registry.npmjs.org/dotenv/-/dotenv-16.0.1.tgz",
      "integrity": "sha512-1K6hR6wtk2FviQ4kEiSjFiH5rpzEVi8WW0x96aztHVMhEspNpc4DVOUTEHtEva5VThQ8IaBX1Pe4gSzpVVUsKQ==",
      "engines": {
        "node": ">=12"
      }
    },
    "node_modules/playwright-core": {
      "version": "1.28.1",
      "resolved": "https://registry.npmjs.org/playwright-core/-/playwright-core-1.28.1.tgz",
      "integrity": "sha512-3PixLnGPno0E8rSBJjtwqTwJe3Yw72QwBBBxNoukIj3lEeBNXwbNiKrNuB1oyQgTBw5QHUhNO3SteEtHaMK6ag==",
      "dev": true,
      "bin": {
        "playwright": "cli.js"
      },
      "engines": {
        "node": ">=14"
      }
    }
  },
  "dependencies": {
    "@playwright/test": {
      "version": "1.28.1",
      "resolved": "https://registry.npmjs.org/@playwright/test/-/test-1.28.1.tgz",
      "integrity": "sha512-xN6spdqrNlwSn9KabIhqfZR7IWjPpFK1835tFNgjrlysaSezuX8PYUwaz38V/yI8TJLG9PkAMEXoHRXYXlpTPQ==",
      "dev": true,
      "requires": {
        "@types/node": "*",
        "playwright-core": "1.28.1"
      }
    },
    "@types/node": {
      "version": "18.11.11",
      "resolved": "https://registry.npmjs.org/@types/node/-/node-18.11.11.tgz",
      "integrity": "sha512-KJ021B1nlQUBLopzZmPBVuGU9un7WJd/W4ya7Ih02B4Uwky5Nja0yGYav2EfYIk0RR2Q9oVhf60S2XR1BCWJ2g==",
      "dev": true
    },
    "dotenv": {
      "version": "16.0.1",
      "resolved": "https://registry.npmjs.org/dotenv/-/dotenv-16.0.1.tgz",
      "integrity": "sha512-1K6hR6wtk2FviQ4kEiSjFiH5rpzEVi8WW0x96aztHVMhEspNpc4DVOUTEHtEva5VThQ8IaBX1Pe4gSzpVVUsKQ=="
    },
    "playwright-core": {
      "version": "1.28.1",
      "resolved": "https://registry.npmjs.org/playwright-core/-/playwright-core-1.28.1.tgz",
      "integrity": "sha512-3PixLnGPno0E8rSBJjtwqTwJe3Yw72QwBBBxNoukIj3lEeBNXwbNiKrNuB1oyQgTBw5QHUhNO3SteEtHaMK6ag==",
      "dev": true
    }
  }
}
