{
  "name": "start-wasm-example",
  "version": "1.0.0",
  "lockfileVersion": 2,
  "requires": true,
  "packages": {
    "": {
      "name": "start-wasm-example",
      "version": "1.0.0",
      "license": "ISC",
      "devDependencies": {
        "@playwright/test": "^1.22.1"
      }
    },
    "node_modules/@playwright/test": {
      "version": "1.22.1",
      "resolved": "https://registry.npmjs.org/@playwright/test/-/test-1.22.1.tgz",
      "integrity": "sha512-8ouMBUboYslHom41W8bnSEn0TwlAMHhCACwOZeuiAgzukj7KobpZ+UBwrGE0jJ0UblJbKAQNRHXL+z7sDSkb6g==",
      "dev": true,
      "dependencies": {
        "playwright-core": "1.22.1"
      },
      "bin": {
        "playwright": "cli.js"
      },
      "engines": {
        "node": ">=14"
      }
    },
    "node_modules/playwright-core": {
      "version": "1.22.1",
      "resolved": "https://registry.npmjs.org/playwright-core/-/playwright-core-1.22.1.tgz",
      "integrity": "sha512-H+ZUVYnceWNXrRf3oxTEKAr81QzFsCKu5Fp//fEjQvqgKkfA1iX3E9DBrPJpPNOrgVzcE+IqeI0fDmYJe6Ynnw==",
      "dev": true,
      "bin": {
        "playwright": "cli.js"
      },
      "engines": {
        "node": ">=14"
      }
    }
  },
  "dependencies": {
    "@playwright/test": {
      "version": "1.22.1",
      "resolved": "https://registry.npmjs.org/@playwright/test/-/test-1.22.1.tgz",
      "integrity": "sha512-8ouMBUboYslHom41W8bnSEn0TwlAMHhCACwOZeuiAgzukj7KobpZ+UBwrGE0jJ0UblJbKAQNRHXL+z7sDSkb6g==",
      "dev": true,
      "requires": {
        "playwright-core": "1.22.1"
      }
    },
    "playwright-core": {
      "version": "1.22.1",
      "resolved": "https://registry.npmjs.org/playwright-core/-/playwright-core-1.22.1.tgz",
      "integrity": "sha512-H+ZUVYnceWNXrRf3oxTEKAr81QzFsCKu5Fp//fEjQvqgKkfA1iX3E9DBrPJpPNOrgVzcE+IqeI0fDmYJe6Ynnw==",
      "dev": true
    }
  }
}
