// !$*UTF8*$!
{
	archiveVersion = 1;
	classes = {
	};
	objectVersion = 50;
	objects = {

/* Begin PBXBuildFile section */
		6A9A35B322C1E14700B86652 /* libpathfinder_c.a in Frameworks */ = {isa = PBXBuildFile; fileRef = 6A9A35B222C1E14700B86652 /* libpathfinder_c.a */; };
		6AFD6FFA22BD780D00AC1ED3 /* AppDelegate.m in Sources */ = {isa = PBXBuildFile; fileRef = 6AFD6FF922BD780D00AC1ED3 /* AppDelegate.m */; };
		6AFD6FFC22BD781000AC1ED3 /* Assets.xcassets in Resources */ = {isa = PBXBuildFile; fileRef = 6AFD6FFB22BD781000AC1ED3 /* Assets.xcassets */; };
		6AFD6FFF22BD781000AC1ED3 /* MainMenu.xib in Resources */ = {isa = PBXBuildFile; fileRef = 6AFD6FFD22BD781000AC1ED3 /* MainMenu.xib */; };
		6AFD700222BD781000AC1ED3 /* main.m in Sources */ = {isa = PBXBuildFile; fileRef = 6AFD700122BD781000AC1ED3 /* main.m */; };
		6AFD700B22BD7B7A00AC1ED3 /* PathfinderView.m in Sources */ = {isa = PBXBuildFile; fileRef = 6AFD700A22BD7B7A00AC1ED3 /* PathfinderView.m */; };
		6AFD700F22BD930500AC1ED3 /* libharfbuzz.a in Frameworks */ = {isa = PBXBuildFile; fileRef = 6AFD700E22BD930500AC1ED3 /* libharfbuzz.a */; };
/* End PBXBuildFile section */

/* Begin PBXFileReference section */
		6A9A35B222C1E14700B86652 /* libpathfinder_c.a */ = {isa = PBXFileReference; lastKnownFileType = archive.ar; name = libpathfinder_c.a; path = ../../../target/release/libpathfinder_c.a; sourceTree = "<group>"; };
		6AFD6FF522BD780D00AC1ED3 /* Pathfinder Example.app */ = {isa = PBXFileReference; explicitFileType = wrapper.application; includeInIndex = 0; path = "Pathfinder Example.app"; sourceTree = BUILT_PRODUCTS_DIR; };
		6AFD6FF822BD780D00AC1ED3 /* AppDelegate.h */ = {isa = PBXFileReference; lastKnownFileType = sourcecode.c.h; path = AppDelegate.h; sourceTree = "<group>"; };
		6AFD6FF922BD780D00AC1ED3 /* AppDelegate.m */ = {isa = PBXFileReference; lastKnownFileType = sourcecode.c.objc; path = AppDelegate.m; sourceTree = "<group>"; };
		6AFD6FFB22BD781000AC1ED3 /* Assets.xcassets */ = {isa = PBXFileReference; lastKnownFileType = folder.assetcatalog; path = Assets.xcassets; sourceTree = "<group>"; };
		6AFD6FFE22BD781000AC1ED3 /* Base */ = {isa = PBXFileReference; lastKnownFileType = file.xib; name = Base; path = Base.lproj/MainMenu.xib; sourceTree = "<group>"; };
		6AFD700022BD781000AC1ED3 /* Info.plist */ = {isa = PBXFileReference; lastKnownFileType = text.plist.xml; path = Info.plist; sourceTree = "<group>"; };
		6AFD700122BD781000AC1ED3 /* main.m */ = {isa = PBXFileReference; lastKnownFileType = sourcecode.c.objc; path = main.m; sourceTree = "<group>"; };
		6AFD700322BD781000AC1ED3 /* Pathfinder_Example.entitlements */ = {isa = PBXFileReference; lastKnownFileType = text.plist.entitlements; path = Pathfinder_Example.entitlements; sourceTree = "<group>"; };
		6AFD700922BD7B7A00AC1ED3 /* PathfinderView.h */ = {isa = PBXFileReference; lastKnownFileType = sourcecode.c.h; path = PathfinderView.h; sourceTree = "<group>"; };
		6AFD700A22BD7B7A00AC1ED3 /* PathfinderView.m */ = {isa = PBXFileReference; lastKnownFileType = sourcecode.c.objc; path = PathfinderView.m; sourceTree = "<group>"; };
		6AFD700E22BD930500AC1ED3 /* libharfbuzz.a */ = {isa = PBXFileReference; lastKnownFileType = archive.ar; name = libharfbuzz.a; path = ../../../../../../../usr/local/lib/libharfbuzz.a; sourceTree = "<group>"; };
/* End PBXFileReference section */

/* Begin PBXFrameworksBuildPhase section */
		6AFD6FF222BD780D00AC1ED3 /* Frameworks */ = {
			isa = PBXFrameworksBuildPhase;
			buildActionMask = 2147483647;
			files = (
				6A9A35B322C1E14700B86652 /* libpathfinder_c.a in Frameworks */,
				6AFD700F22BD930500AC1ED3 /* libharfbuzz.a in Frameworks */,
			);
			runOnlyForDeploymentPostprocessing = 0;
		};
/* End PBXFrameworksBuildPhase section */

/* Begin PBXGroup section */
		6AFD6FEC22BD780D00AC1ED3 = {
			isa = PBXGroup;
			children = (
				6AFD6FF722BD780D00AC1ED3 /* Pathfinder Example */,
				6AFD6FF622BD780D00AC1ED3 /* Products */,
			);
			sourceTree = "<group>";
		};
		6AFD6FF622BD780D00AC1ED3 /* Products */ = {
			isa = PBXGroup;
			children = (
				6AFD6FF522BD780D00AC1ED3 /* Pathfinder Example.app */,
			);
			name = Products;
			sourceTree = "<group>";
		};
		6AFD6FF722BD780D00AC1ED3 /* Pathfinder Example */ = {
			isa = PBXGroup;
			children = (
				6AFD6FF822BD780D00AC1ED3 /* AppDelegate.h */,
				6AFD6FF922BD780D00AC1ED3 /* AppDelegate.m */,
				6AFD6FFB22BD781000AC1ED3 /* Assets.xcassets */,
				6AFD6FFD22BD781000AC1ED3 /* MainMenu.xib */,
				6AFD700022BD781000AC1ED3 /* Info.plist */,
				6AFD700922BD7B7A00AC1ED3 /* PathfinderView.h */,
				6AFD700A22BD7B7A00AC1ED3 /* PathfinderView.m */,
				6AFD700122BD781000AC1ED3 /* main.m */,
				6AFD700322BD781000AC1ED3 /* Pathfinder_Example.entitlements */,
				6A9A35B222C1E14700B86652 /* libpathfinder_c.a */,
				6AFD700E22BD930500AC1ED3 /* libharfbuzz.a */,
			);
			path = "Pathfinder Example";
			sourceTree = "<group>";
		};
/* End PBXGroup section */

/* Begin PBXNativeTarget section */
		6AFD6FF422BD780D00AC1ED3 /* Pathfinder Example */ = {
			isa = PBXNativeTarget;
			buildConfigurationList = 6AFD700622BD781000AC1ED3 /* Build configuration list for PBXNativeTarget "Pathfinder Example" */;
			buildPhases = (
				6AFD6FF122BD780D00AC1ED3 /* Sources */,
				6AFD6FF222BD780D00AC1ED3 /* Frameworks */,
				6AFD6FF322BD780D00AC1ED3 /* Resources */,
			);
			buildRules = (
			);
			dependencies = (
			);
			name = "Pathfinder Example";
			productName = "Pathfinder Example";
			productReference = 6AFD6FF522BD780D00AC1ED3 /* Pathfinder Example.app */;
			productType = "com.apple.product-type.application";
		};
/* End PBXNativeTarget section */

/* Begin PBXProject section */
		6AFD6FED22BD780D00AC1ED3 /* Project object */ = {
			isa = PBXProject;
			attributes = {
				LastUpgradeCheck = 1020;
				ORGANIZATIONNAME = "The Pathfinder Project Deelopers";
				TargetAttributes = {
					6AFD6FF422BD780D00AC1ED3 = {
						CreatedOnToolsVersion = 10.2.1;
						SystemCapabilities = {
							com.apple.Sandbox = {
								enabled = 0;
							};
						};
					};
				};
			};
			buildConfigurationList = 6AFD6FF022BD780D00AC1ED3 /* Build configuration list for PBXProject "Pathfinder Example" */;
			compatibilityVersion = "Xcode 9.3";
			developmentRegion = en;
			hasScannedForEncodings = 0;
			knownRegions = (
				en,
				Base,
			);
			mainGroup = 6AFD6FEC22BD780D00AC1ED3;
			productRefGroup = 6AFD6FF622BD780D00AC1ED3 /* Products */;
			projectDirPath = "";
			projectRoot = "";
			targets = (
				6AFD6FF422BD780D00AC1ED3 /* Pathfinder Example */,
			);
		};
/* End PBXProject section */

/* Begin PBXResourcesBuildPhase section */
		6AFD6FF322BD780D00AC1ED3 /* Resources */ = {
			isa = PBXResourcesBuildPhase;
			buildActionMask = 2147483647;
			files = (
				6AFD6FFC22BD781000AC1ED3 /* Assets.xcassets in Resources */,
				6AFD6FFF22BD781000AC1ED3 /* MainMenu.xib in Resources */,
			);
			runOnlyForDeploymentPostprocessing = 0;
		};
/* End PBXResourcesBuildPhase section */

/* Begin PBXSourcesBuildPhase section */
		6AFD6FF122BD780D00AC1ED3 /* Sources */ = {
			isa = PBXSourcesBuildPhase;
			buildActionMask = 2147483647;
			files = (
				6AFD700222BD781000AC1ED3 /* main.m in Sources */,
				6AFD700B22BD7B7A00AC1ED3 /* PathfinderView.m in Sources */,
				6AFD6FFA22BD780D00AC1ED3 /* AppDelegate.m in Sources */,
			);
			runOnlyForDeploymentPostprocessing = 0;
		};
/* End PBXSourcesBuildPhase section */

/* Begin PBXVariantGroup section */
		6AFD6FFD22BD781000AC1ED3 /* MainMenu.xib */ = {
			isa = PBXVariantGroup;
			children = (
				6AFD6FFE22BD781000AC1ED3 /* Base */,
			);
			name = MainMenu.xib;
			sourceTree = "<group>";
		};
/* End PBXVariantGroup section */

/* Begin XCBuildConfiguration section */
		6AFD700422BD781000AC1ED3 /* Debug */ = {
			isa = XCBuildConfiguration;
			buildSettings = {
				ALWAYS_SEARCH_USER_PATHS = NO;
				CLANG_ANALYZER_NONNULL = YES;
				CLANG_ANALYZER_NUMBER_OBJECT_CONVERSION = YES_AGGRESSIVE;
				CLANG_CXX_LANGUAGE_STANDARD = "gnu++14";
				CLANG_CXX_LIBRARY = "libc++";
				CLANG_ENABLE_MODULES = YES;
				CLANG_ENABLE_OBJC_ARC = YES;
				CLANG_ENABLE_OBJC_WEAK = YES;
				CLANG_WARN_BLOCK_CAPTURE_AUTORELEASING = YES;
				CLANG_WARN_BOOL_CONVERSION = YES;
				CLANG_WARN_COMMA = YES;
				CLANG_WARN_CONSTANT_CONVERSION = YES;
				CLANG_WARN_DEPRECATED_OBJC_IMPLEMENTATIONS = YES;
				CLANG_WARN_DIRECT_OBJC_ISA_USAGE = YES_ERROR;
				CLANG_WARN_DOCUMENTATION_COMMENTS = YES;
				CLANG_WARN_EMPTY_BODY = YES;
				CLANG_WARN_ENUM_CONVERSION = YES;
				CLANG_WARN_INFINITE_RECURSION = YES;
				CLANG_WARN_INT_CONVERSION = YES;
				CLANG_WARN_NON_LITERAL_NULL_CONVERSION = YES;
				CLANG_WARN_OBJC_IMPLICIT_RETAIN_SELF = YES;
				CLANG_WARN_OBJC_LITERAL_CONVERSION = YES;
				CLANG_WARN_OBJC_ROOT_CLASS = YES_ERROR;
				CLANG_WARN_RANGE_LOOP_ANALYSIS = YES;
				CLANG_WARN_STRICT_PROTOTYPES = YES;
				CLANG_WARN_SUSPICIOUS_MOVE = YES;
				CLANG_WARN_UNGUARDED_AVAILABILITY = YES_AGGRESSIVE;
				CLANG_WARN_UNREACHABLE_CODE = YES;
				CLANG_WARN__DUPLICATE_METHOD_MATCH = YES;
				CODE_SIGN_IDENTITY = "-";
				COPY_PHASE_STRIP = NO;
				DEBUG_INFORMATION_FORMAT = dwarf;
				ENABLE_STRICT_OBJC_MSGSEND = YES;
				ENABLE_TESTABILITY = YES;
				GCC_C_LANGUAGE_STANDARD = gnu11;
				GCC_DYNAMIC_NO_PIC = NO;
				GCC_NO_COMMON_BLOCKS = YES;
				GCC_OPTIMIZATION_LEVEL = 0;
				GCC_PREPROCESSOR_DEFINITIONS = (
					"DEBUG=1",
					"$(inherited)",
				);
				GCC_WARN_64_TO_32_BIT_CONVERSION = YES;
				GCC_WARN_ABOUT_RETURN_TYPE = YES_ERROR;
				GCC_WARN_UNDECLARED_SELECTOR = YES;
				GCC_WARN_UNINITIALIZED_AUTOS = YES_AGGRESSIVE;
				GCC_WARN_UNUSED_FUNCTION = YES;
				GCC_WARN_UNUSED_VARIABLE = YES;
				MACOSX_DEPLOYMENT_TARGET = 10.14;
				MTL_ENABLE_DEBUG_INFO = INCLUDE_SOURCE;
				MTL_FAST_MATH = YES;
				ONLY_ACTIVE_ARCH = YES;
				SDKROOT = macosx;
			};
			name = Debug;
		};
		6AFD700522BD781000AC1ED3 /* Release */ = {
			isa = XCBuildConfiguration;
			buildSettings = {
				ALWAYS_SEARCH_USER_PATHS = NO;
				CLANG_ANALYZER_NONNULL = YES;
				CLANG_ANALYZER_NUMBER_OBJECT_CONVERSION = YES_AGGRESSIVE;
				CLANG_CXX_LANGUAGE_STANDARD = "gnu++14";
				CLANG_CXX_LIBRARY = "libc++";
				CLANG_ENABLE_MODULES = YES;
				CLANG_ENABLE_OBJC_ARC = YES;
				CLANG_ENABLE_OBJC_WEAK = YES;
				CLANG_WARN_BLOCK_CAPTURE_AUTORELEASING = YES;
				CLANG_WARN_BOOL_CONVERSION = YES;
				CLANG_WARN_COMMA = YES;
				CLANG_WARN_CONSTANT_CONVERSION = YES;
				CLANG_WARN_DEPRECATED_OBJC_IMPLEMENTATIONS = YES;
				CLANG_WARN_DIRECT_OBJC_ISA_USAGE = YES_ERROR;
				CLANG_WARN_DOCUMENTATION_COMMENTS = YES;
				CLANG_WARN_EMPTY_BODY = YES;
				CLANG_WARN_ENUM_CONVERSION = YES;
				CLANG_WARN_INFINITE_RECURSION = YES;
				CLANG_WARN_INT_CONVERSION = YES;
				CLANG_WARN_NON_LITERAL_NULL_CONVERSION = YES;
				CLANG_WARN_OBJC_IMPLICIT_RETAIN_SELF = YES;
				CLANG_WARN_OBJC_LITERAL_CONVERSION = YES;
				CLANG_WARN_OBJC_ROOT_CLASS = YES_ERROR;
				CLANG_WARN_RANGE_LOOP_ANALYSIS = YES;
				CLANG_WARN_STRICT_PROTOTYPES = YES;
				CLANG_WARN_SUSPICIOUS_MOVE = YES;
				CLANG_WARN_UNGUARDED_AVAILABILITY = YES_AGGRESSIVE;
				CLANG_WARN_UNREACHABLE_CODE = YES;
				CLANG_WARN__DUPLICATE_METHOD_MATCH = YES;
				CODE_SIGN_IDENTITY = "-";
				COPY_PHASE_STRIP = NO;
				DEBUG_INFORMATION_FORMAT = "dwarf-with-dsym";
				ENABLE_NS_ASSERTIONS = NO;
				ENABLE_STRICT_OBJC_MSGSEND = YES;
				GCC_C_LANGUAGE_STANDARD = gnu11;
				GCC_NO_COMMON_BLOCKS = YES;
				GCC_WARN_64_TO_32_BIT_CONVERSION = YES;
				GCC_WARN_ABOUT_RETURN_TYPE = YES_ERROR;
				GCC_WARN_UNDECLARED_SELECTOR = YES;
				GCC_WARN_UNINITIALIZED_AUTOS = YES_AGGRESSIVE;
				GCC_WARN_UNUSED_FUNCTION = YES;
				GCC_WARN_UNUSED_VARIABLE = YES;
				MACOSX_DEPLOYMENT_TARGET = 10.14;
				MTL_ENABLE_DEBUG_INFO = NO;
				MTL_FAST_MATH = YES;
				SDKROOT = macosx;
			};
			name = Release;
		};
		6AFD700722BD781000AC1ED3 /* Debug */ = {
			isa = XCBuildConfiguration;
			buildSettings = {
				ASSETCATALOG_COMPILER_APPICON_NAME = AppIcon;
				CODE_SIGN_STYLE = Automatic;
				COMBINE_HIDPI_IMAGES = YES;
				FRAMEWORK_SEARCH_PATHS = "";
				HEADER_SEARCH_PATHS = ../../c/build/include;
				INFOPLIST_FILE = "Pathfinder Example/Info.plist";
				LD_RUNPATH_SEARCH_PATHS = (
					"$(inherited)",
					"@executable_path/../Frameworks",
				);
				LIBRARY_SEARCH_PATHS = (
					../../target/release,
					/usr/local/lib,
				);
				PRODUCT_BUNDLE_IDENTIFIER = "graphics.pathfinder.Pathfinder-Example";
				PRODUCT_NAME = "$(TARGET_NAME)";
			};
			name = Debug;
		};
		6AFD700822BD781000AC1ED3 /* Release */ = {
			isa = XCBuildConfiguration;
			buildSettings = {
				ASSETCATALOG_COMPILER_APPICON_NAME = AppIcon;
				CODE_SIGN_STYLE = Automatic;
				COMBINE_HIDPI_IMAGES = YES;
				FRAMEWORK_SEARCH_PATHS = "";
				HEADER_SEARCH_PATHS = ../../c/build/include;
				INFOPLIST_FILE = "Pathfinder Example/Info.plist";
				LD_RUNPATH_SEARCH_PATHS = (
					"$(inherited)",
					"@executable_path/../Frameworks",
				);
				LIBRARY_SEARCH_PATHS = (
					../../target/release,
					/usr/local/lib,
				);
				PRODUCT_BUNDLE_IDENTIFIER = "graphics.pathfinder.Pathfinder-Example";
				PRODUCT_NAME = "$(TARGET_NAME)";
			};
			name = Release;
		};
/* End XCBuildConfiguration section */

/* Begin XCConfigurationList section */
		6AFD6FF022BD780D00AC1ED3 /* Build configuration list for PBXProject "Pathfinder Example" */ = {
			isa = XCConfigurationList;
			buildConfigurations = (
				6AFD700422BD781000AC1ED3 /* Debug */,
				6AFD700522BD781000AC1ED3 /* Release */,
			);
			defaultConfigurationIsVisible = 0;
			defaultConfigurationName = Release;
		};
		6AFD700622BD781000AC1ED3 /* Build configuration list for PBXNativeTarget "Pathfinder Example" */ = {
			isa = XCConfigurationList;
			buildConfigurations = (
				6AFD700722BD781000AC1ED3 /* Debug */,
				6AFD700822BD781000AC1ED3 /* Release */,
			);
			defaultConfigurationIsVisible = 0;
			defaultConfigurationName = Release;
		};
/* End XCConfigurationList section */
	};
	rootObject = 6AFD6FED22BD780D00AC1ED3 /* Project object */;
}
